
Microsoft Visual Studio Solution File, Format Version 12.00
# Visual Studio Version 17
VisualStudioVersion = 17.0.31903.59
MinimumVisualStudioVersion = 10.0.40219.1
Project("{FAE04EC0-301F-11D3-BF4B-00C04F79EFBC}") = "API", "API\API.csproj", "{C7363FD9-155F-44DE-9759-399CC0A687D5}"
EndProject
Project("{FAE04EC0-301F-11D3-BF4B-00C04F79EFBC}") = "Application", "Application\Application.csproj", "{A9B6152D-741B-48FD-9C5D-4FD308625CFD}"
EndProject
Project("{FAE04EC0-301F-11D3-BF4B-00C04F79EFBC}") = "Domain", "Domain\Domain.csproj", "{9D1C1479-4A06-4133-8B46-7494792DEB1B}"
EndProject
Project("{FAE04EC0-301F-11D3-BF4B-00C04F79EFBC}") = "Persistence", "Persistence\Persistence.csproj", "{A724126D-116E-485C-A824-AD985D49C9D7}"
EndProject
Global
	GlobalSection(SolutionConfigurationPlatforms) = preSolution
		Debug|Any CPU = Debug|Any CPU
		Release|Any CPU = Release|Any CPU
	EndGlobalSection
	GlobalSection(SolutionProperties) = preSolution
		HideSolutionNode = FALSE
	EndGlobalSection
	GlobalSection(ProjectConfigurationPlatforms) = postSolution
		{C7363FD9-155F-44DE-9759-399CC0A687D5}.Debug|Any CPU.ActiveCfg = Debug|Any CPU
		{C7363FD9-155F-44DE-9759-399CC0A687D5}.Debug|Any CPU.Build.0 = Debug|Any CPU
		{C7363FD9-155F-44DE-9759-399CC0A687D5}.Release|Any CPU.ActiveCfg = Release|Any CPU
		{C7363FD9-155F-44DE-9759-399CC0A687D5}.Release|Any CPU.Build.0 = Release|Any CPU
		{A9B6152D-741B-48FD-9C5D-4FD308625CFD}.Debug|Any CPU.ActiveCfg = Debug|Any CPU
		{A9B6152D-741B-48FD-9C5D-4FD308625CFD}.Debug|Any CPU.Build.0 = Debug|Any CPU
		{A9B6152D-741B-48FD-9C5D-4FD308625CFD}.Release|Any CPU.ActiveCfg = Release|Any CPU
		{A9B6152D-741B-48FD-9C5D-4FD308625CFD}.Release|Any CPU.Build.0 = Release|Any CPU
		{9D1C1479-4A06-4133-8B46-7494792DEB1B}.Debug|Any CPU.ActiveCfg = Debug|Any CPU
		{9D1C1479-4A06-4133-8B46-7494792DEB1B}.Debug|Any CPU.Build.0 = Debug|Any CPU
		{9D1C1479-4A06-4133-8B46-7494792DEB1B}.Release|Any CPU.ActiveCfg = Release|Any CPU
		{9D1C1479-4A06-4133-8B46-7494792DEB1B}.Release|Any CPU.Build.0 = Release|Any CPU
		{A724126D-116E-485C-A824-AD985D49C9D7}.Debug|Any CPU.ActiveCfg = Debug|Any CPU
		{A724126D-116E-485C-A824-AD985D49C9D7}.Debug|Any CPU.Build.0 = Debug|Any CPU
		{A724126D-116E-485C-A824-AD985D49C9D7}.Release|Any CPU.ActiveCfg = Release|Any CPU
		{A724126D-116E-485C-A824-AD985D49C9D7}.Release|Any CPU.Build.0 = Release|Any CPU
	EndGlobalSection
EndGlobal
